{
  "name": "shoppingcart-dashboard",
  "version": "1.0.0",
  "lockfileVersion": 1,
  "requires": true,
  "dependencies": {
    "async": {
      "version": "3.1.0",
      "resolved": "https://registry.npmjs.org/async/-/async-3.1.0.tgz",
      "integrity": "sha512-4vx/aaY6j/j3Lw3fbCHNWP0pPaTCew3F6F3hYyl/tHs/ndmV1q7NW9T5yuJ2XAGwdQrP+6Wu20x06U4APo/iQQ=="
    },
    "formidable": {
      "version": "1.2.1",
      "resolved": "https://registry.npmjs.org/formidable/-/formidable-1.2.1.tgz",
      "integrity": "sha512-Fs9VRguL0gqGHkXS5GQiMCr1VhZBxz0JnJs4JmMp/2jL18Fmbzvv7vOFRU+U8TBkHEE/CX1qDXzJplVULgsLeg=="
    },
    "graceful-fs": {
      "version": "4.2.0",
      "resolved": "https://registry.npmjs.org/graceful-fs/-/graceful-fs-4.2.0.tgz",
      "integrity": "sha512-jpSvDPV4Cq/bgtpndIWbI5hmYxhQGHPC4d4cqBPb4DLniCfhJokdXhwhaDuLBGLQdvvRum/UiX6ECVIPvDXqdg=="
    },
    "imagemagick": {
      "version": "0.1.3",
      "resolved": "https://registry.npmjs.org/imagemagick/-/imagemagick-0.1.3.tgz",
      "integrity": "sha1-dIPOoJO02fLi85aFetyIIbU3xWo="
    },
    "is-promise": {
      "version": "2.1.0",
      "resolved": "https://registry.npmjs.org/is-promise/-/is-promise-2.1.0.tgz",
      "integrity": "sha1-eaKp7OfwlugPNtKy87wWwf9L8/o="
    },
    "isomorphic-unfetch": {
      "version": "3.0.0",
      "resolved": "https://registry.npmjs.org/isomorphic-unfetch/-/isomorphic-unfetch-3.0.0.tgz",
      "integrity": "sha512-V0tmJSYfkKokZ5mgl0cmfQMTb7MLHsBMngTkbLY0eXvKqiVRRoZP04Ly+KhKrJfKtzC9E6Pp15Jo+bwh7Vi2XQ==",
      "requires": {
        "node-fetch": "2.6.0",
        "unfetch": "4.1.0"
      }
    },
    "jquery-file-upload-middleware": {
      "version": "0.1.8",
      "resolved": "https://registry.npmjs.org/jquery-file-upload-middleware/-/jquery-file-upload-middleware-0.1.8.tgz",
      "integrity": "sha1-Nv75A6TNpjRnkBVfA1sB0owOgiA=",
      "requires": {
        "async": "3.1.0",
        "formidable": "1.2.1",
        "imagemagick": "0.1.3",
        "lodash": "4.17.14",
        "mkdirp": "0.5.1"
      }
    },
    "lodash": {
      "version": "4.17.14",
      "resolved": "https://registry.npmjs.org/lodash/-/lodash-4.17.14.tgz",
      "integrity": "sha512-mmKYbW3GLuJeX+iGP+Y7Gp1AiGHGbXHCOh/jZmrawMmsE7MS4znI3RL2FsjbqOyMayHInjOeykW7PEajUk1/xw=="
    },
    "lodash-id": {
      "version": "0.14.0",
      "resolved": "https://registry.npmjs.org/lodash-id/-/lodash-id-0.14.0.tgz",
      "integrity": "sha1-uvSJNOVDobXWNG+MhGmLGoyAOJY="
    },
    "lowdb": {
      "version": "1.0.0",
      "resolved": "https://registry.npmjs.org/lowdb/-/lowdb-1.0.0.tgz",
      "integrity": "sha512-2+x8esE/Wb9SQ1F9IHaYWfsC9FIecLOPrK4g17FGEayjUWH172H6nwicRovGvSE2CPZouc2MCIqCI7h9d+GftQ==",
      "requires": {
        "graceful-fs": "4.2.0",
        "is-promise": "2.1.0",
        "lodash": "4.17.14",
        "pify": "3.0.0",
        "steno": "0.4.4"
      }
    },
    "minimist": {
      "version": "0.0.8",
      "resolved": "https://registry.npmjs.org/minimist/-/minimist-0.0.8.tgz",
      "integrity": "sha1-hX/Kv8M5fSYluCKCYuhqp6ARsF0="
    },
    "mkdirp": {
      "version": "0.5.1",
      "resolved": "https://registry.npmjs.org/mkdirp/-/mkdirp-0.5.1.tgz",
      "integrity": "sha1-MAV0OOrGz3+MR2fzhkjWaX11yQM=",
      "requires": {
        "minimist": "0.0.8"
      }
    },
    "node-fetch": {
      "version": "2.6.0",
      "resolved": "https://registry.npmjs.org/node-fetch/-/node-fetch-2.6.0.tgz",
      "integrity": "sha512-8dG4H5ujfvFiqDmVu9fQ5bOHUC15JMjMY/Zumv26oOvvVJjM67KF8koCWIabKQ1GJIa9r2mMZscBq/TbdOcmNA=="
    },
    "pify": {
      "version": "3.0.0",
      "resolved": "https://registry.npmjs.org/pify/-/pify-3.0.0.tgz",
      "integrity": "sha1-5aSs0sEB/fPZpNB/DbxNtJ3SgXY="
    },
    "steno": {
      "version": "0.4.4",
      "resolved": "https://registry.npmjs.org/steno/-/steno-0.4.4.tgz",
      "integrity": "sha1-BxEFvfwobmYVwEA8J+nXtdy4Vcs=",
      "requires": {
        "graceful-fs": "4.2.0"
      }
    },
    "unfetch": {
      "version": "4.1.0",
      "resolved": "https://registry.npmjs.org/unfetch/-/unfetch-4.1.0.tgz",
      "integrity": "sha512-crP/n3eAPUJxZXM9T80/yv0YhkTEx2K1D3h7D1AJM6fzsWZrxdyRuLN0JH/dkZh1LNH8LxCnBzoPFCPbb2iGpg=="
    }
  }
}
